
Microsoft Visual Studio Solution File, Format Version 12.00
# Visual Studio Version 17
VisualStudioVersion = 17.6.33723.286
MinimumVisualStudioVersion = 10.0.40219.1
Project("{FAE04EC0-301F-11D3-BF4B-00C04F79EFBC}") = "SignalR1", "SignalR1\SignalR1.csproj", "{D9561424-20D1-4C81-AEBA-7F5BC4641FE1}"
EndProject
Global
	GlobalSection(SolutionConfigurationPlatforms) = preSolution
		Debug|Any CPU = Debug|Any CPU
		Release|Any CPU = Release|Any CPU
	EndGlobalSection
	GlobalSection(ProjectConfigurationPlatforms) = postSolution
		{D9561424-20D1-4C81-AEBA-7F5BC4641FE1}.Debug|Any CPU.ActiveCfg = Debug|Any CPU
		{D9561424-20D1-4C81-AEBA-7F5BC4641FE1}.Debug|Any CPU.Build.0 = Debug|Any CPU
		{D9561424-20D1-4C81-AEBA-7F5BC4641FE1}.Release|Any CPU.ActiveCfg = Release|Any CPU
		{D9561424-20D1-4C81-AEBA-7F5BC4641FE1}.Release|Any CPU.Build.0 = Release|Any CPU
	EndGlobalSection
	GlobalSection(SolutionProperties) = preSolution
		HideSolutionNode = FALSE
	EndGlobalSection
	GlobalSection(ExtensibilityGlobals) = postSolution
		SolutionGuid = {BEA53A81-EA88-43C0-9031-56E31224A70E}
	EndGlobalSection
EndGlobal
